
Microsoft Visual Studio Solution File, Format Version 12.00
# Visual Studio 15
VisualStudioVersion = 15.0.27703.2042
MinimumVisualStudioVersion = 10.0.40219.1
Project("{9A19103F-16F7-4668-BE54-9A1E7A4F7556}") = "searchDormWeb", "searchDormWeb\searchDormWeb.csproj", "{5B0F5B1F-2A11-4B21-AC4F-AD02970FC24A}"
EndProject
Project("{9A19103F-16F7-4668-BE54-9A1E7A4F7556}") = "Dau.Core", "Dau.Core\Dau.Core.csproj", "{8B37F831-E133-4171-AD53-3D459A71ECDC}"
EndProject
Project("{9A19103F-16F7-4668-BE54-9A1E7A4F7556}") = "Dau.Data", "Dau.Data\Dau.Data.csproj", "{9B2F281E-B2CB-4C72-866F-59F89A57F696}"
EndProject
Project("{9A19103F-16F7-4668-BE54-9A1E7A4F7556}") = "Dau.Services", "Dau.Services\Dau.Services.csproj", "{64EF74E4-30A2-4AA8-BC2B-C68E61EE2FCE}"
EndProject
Project("{9A19103F-16F7-4668-BE54-9A1E7A4F7556}") = "NetCoreStack.Localization", "NetCoreStack.Localization\NetCoreStack.Localization.csproj", "{7026C19B-415E-4C5A-BD26-C2C3EF78C42D}"
EndProject
Global
	GlobalSection(SolutionConfigurationPlatforms) = preSolution
		Debug|Any CPU = Debug|Any CPU
		Release|Any CPU = Release|Any CPU
	EndGlobalSection
	GlobalSection(ProjectConfigurationPlatforms) = postSolution
		{5B0F5B1F-2A11-4B21-AC4F-AD02970FC24A}.Debug|Any CPU.ActiveCfg = Debug|Any CPU
		{5B0F5B1F-2A11-4B21-AC4F-AD02970FC24A}.Debug|Any CPU.Build.0 = Debug|Any CPU
		{5B0F5B1F-2A11-4B21-AC4F-AD02970FC24A}.Release|Any CPU.ActiveCfg = Release|Any CPU
		{5B0F5B1F-2A11-4B21-AC4F-AD02970FC24A}.Release|Any CPU.Build.0 = Release|Any CPU
		{8B37F831-E133-4171-AD53-3D459A71ECDC}.Debug|Any CPU.ActiveCfg = Debug|Any CPU
		{8B37F831-E133-4171-AD53-3D459A71ECDC}.Debug|Any CPU.Build.0 = Debug|Any CPU
		{8B37F831-E133-4171-AD53-3D459A71ECDC}.Release|Any CPU.ActiveCfg = Release|Any CPU
		{8B37F831-E133-4171-AD53-3D459A71ECDC}.Release|Any CPU.Build.0 = Release|Any CPU
		{9B2F281E-B2CB-4C72-866F-59F89A57F696}.Debug|Any CPU.ActiveCfg = Debug|Any CPU
		{9B2F281E-B2CB-4C72-866F-59F89A57F696}.Debug|Any CPU.Build.0 = Debug|Any CPU
		{9B2F281E-B2CB-4C72-866F-59F89A57F696}.Release|Any CPU.ActiveCfg = Release|Any CPU
		{9B2F281E-B2CB-4C72-866F-59F89A57F696}.Release|Any CPU.Build.0 = Release|Any CPU
		{64EF74E4-30A2-4AA8-BC2B-C68E61EE2FCE}.Debug|Any CPU.ActiveCfg = Debug|Any CPU
		{64EF74E4-30A2-4AA8-BC2B-C68E61EE2FCE}.Debug|Any CPU.Build.0 = Debug|Any CPU
		{64EF74E4-30A2-4AA8-BC2B-C68E61EE2FCE}.Release|Any CPU.ActiveCfg = Release|Any CPU
		{64EF74E4-30A2-4AA8-BC2B-C68E61EE2FCE}.Release|Any CPU.Build.0 = Release|Any CPU
		{7026C19B-415E-4C5A-BD26-C2C3EF78C42D}.Debug|Any CPU.ActiveCfg = Debug|Any CPU
		{7026C19B-415E-4C5A-BD26-C2C3EF78C42D}.Debug|Any CPU.Build.0 = Debug|Any CPU
		{7026C19B-415E-4C5A-BD26-C2C3EF78C42D}.Release|Any CPU.ActiveCfg = Release|Any CPU
		{7026C19B-415E-4C5A-BD26-C2C3EF78C42D}.Release|Any CPU.Build.0 = Release|Any CPU
	EndGlobalSection
	GlobalSection(SolutionProperties) = preSolution
		HideSolutionNode = FALSE
	EndGlobalSection
	GlobalSection(ExtensibilityGlobals) = postSolution
		SolutionGuid = {BAF19993-CED4-49C4-BA71-2A5C3EA00A53}
	EndGlobalSection
EndGlobal
